
Microsoft Visual Studio Solution File, Format Version 11.00
# Visual Studio 2010
Project("{F184B08F-C81C-45F6-A57F-5ABD9991F28F}") = "AvalonEditor", "AvalonEditor\AvalonEditor.vbproj", "{EDFE9800-44BB-4A2A-8B62-AE5F08F2C5F1}"
EndProject
Project("{FAE04EC0-301F-11D3-BF4B-00C04F79EFBC}") = "DLXChecker", "DLXChecker\DLXChecker.csproj", "{E2F76B31-8A21-4126-BB5C-8ACB55DE75F7}"
EndProject
Project("{FAE04EC0-301F-11D3-BF4B-00C04F79EFBC}") = "CheckTest", "CheckTest\CheckTest.csproj", "{B811D421-9333-4C24-809E-743CBD33492D}"
EndProject
Project("{F184B08F-C81C-45F6-A57F-5ABD9991F28F}") = "DLXEditor", "DLXEditor\DLXEditor.vbproj", "{95A2DBD0-CB61-4B87-B082-46CAFF9AF10E}"
EndProject
Project("{FAE04EC0-301F-11D3-BF4B-00C04F79EFBC}") = "DLXEditorTest", "DLXEditorTest\DLXEditorTest.csproj", "{2BBB0F5E-5151-43D1-AFE9-74F24180152C}"
EndProject
Project("{F184B08F-C81C-45F6-A57F-5ABD9991F28F}") = "SimpleDLXEditor", "SimpleDLXEditor\SimpleDLXEditor.vbproj", "{E8A8B7CB-C33F-4CDC-BFD7-4ECF6B44E985}"
EndProject
Project("{F184B08F-C81C-45F6-A57F-5ABD9991F28F}") = "SimpleDLXEditorTest", "SimpleDLXEditorTest\SimpleDLXEditorTest.vbproj", "{85DCE89D-A611-494F-8B5E-6166F053AE24}"
EndProject
Global
	GlobalSection(SolutionConfigurationPlatforms) = preSolution
		Debug|Any CPU = Debug|Any CPU
		Debug|Mixed Platforms = Debug|Mixed Platforms
		Debug|x86 = Debug|x86
		Release|Any CPU = Release|Any CPU
		Release|Mixed Platforms = Release|Mixed Platforms
		Release|x86 = Release|x86
	EndGlobalSection
	GlobalSection(ProjectConfigurationPlatforms) = postSolution
		{EDFE9800-44BB-4A2A-8B62-AE5F08F2C5F1}.Debug|Any CPU.ActiveCfg = Debug|x86
		{EDFE9800-44BB-4A2A-8B62-AE5F08F2C5F1}.Debug|Mixed Platforms.ActiveCfg = Debug|x86
		{EDFE9800-44BB-4A2A-8B62-AE5F08F2C5F1}.Debug|Mixed Platforms.Build.0 = Debug|x86
		{EDFE9800-44BB-4A2A-8B62-AE5F08F2C5F1}.Debug|x86.ActiveCfg = Debug|x86
		{EDFE9800-44BB-4A2A-8B62-AE5F08F2C5F1}.Debug|x86.Build.0 = Debug|x86
		{EDFE9800-44BB-4A2A-8B62-AE5F08F2C5F1}.Release|Any CPU.ActiveCfg = Release|x86
		{EDFE9800-44BB-4A2A-8B62-AE5F08F2C5F1}.Release|Mixed Platforms.ActiveCfg = Release|x86
		{EDFE9800-44BB-4A2A-8B62-AE5F08F2C5F1}.Release|Mixed Platforms.Build.0 = Release|x86
		{EDFE9800-44BB-4A2A-8B62-AE5F08F2C5F1}.Release|x86.ActiveCfg = Release|x86
		{EDFE9800-44BB-4A2A-8B62-AE5F08F2C5F1}.Release|x86.Build.0 = Release|x86
		{E2F76B31-8A21-4126-BB5C-8ACB55DE75F7}.Debug|Any CPU.ActiveCfg = Debug|Any CPU
		{E2F76B31-8A21-4126-BB5C-8ACB55DE75F7}.Debug|Any CPU.Build.0 = Debug|Any CPU
		{E2F76B31-8A21-4126-BB5C-8ACB55DE75F7}.Debug|Mixed Platforms.ActiveCfg = Debug|Any CPU
		{E2F76B31-8A21-4126-BB5C-8ACB55DE75F7}.Debug|Mixed Platforms.Build.0 = Debug|Any CPU
		{E2F76B31-8A21-4126-BB5C-8ACB55DE75F7}.Debug|x86.ActiveCfg = Debug|Any CPU
		{E2F76B31-8A21-4126-BB5C-8ACB55DE75F7}.Release|Any CPU.ActiveCfg = Release|Any CPU
		{E2F76B31-8A21-4126-BB5C-8ACB55DE75F7}.Release|Any CPU.Build.0 = Release|Any CPU
		{E2F76B31-8A21-4126-BB5C-8ACB55DE75F7}.Release|Mixed Platforms.ActiveCfg = Release|Any CPU
		{E2F76B31-8A21-4126-BB5C-8ACB55DE75F7}.Release|Mixed Platforms.Build.0 = Release|Any CPU
		{E2F76B31-8A21-4126-BB5C-8ACB55DE75F7}.Release|x86.ActiveCfg = Release|Any CPU
		{B811D421-9333-4C24-809E-743CBD33492D}.Debug|Any CPU.ActiveCfg = Debug|x86
		{B811D421-9333-4C24-809E-743CBD33492D}.Debug|Mixed Platforms.ActiveCfg = Debug|x86
		{B811D421-9333-4C24-809E-743CBD33492D}.Debug|Mixed Platforms.Build.0 = Debug|x86
		{B811D421-9333-4C24-809E-743CBD33492D}.Debug|x86.ActiveCfg = Debug|x86
		{B811D421-9333-4C24-809E-743CBD33492D}.Debug|x86.Build.0 = Debug|x86
		{B811D421-9333-4C24-809E-743CBD33492D}.Release|Any CPU.ActiveCfg = Release|x86
		{B811D421-9333-4C24-809E-743CBD33492D}.Release|Mixed Platforms.ActiveCfg = Release|x86
		{B811D421-9333-4C24-809E-743CBD33492D}.Release|Mixed Platforms.Build.0 = Release|x86
		{B811D421-9333-4C24-809E-743CBD33492D}.Release|x86.ActiveCfg = Release|x86
		{B811D421-9333-4C24-809E-743CBD33492D}.Release|x86.Build.0 = Release|x86
		{95A2DBD0-CB61-4B87-B082-46CAFF9AF10E}.Debug|Any CPU.ActiveCfg = Debug|Any CPU
		{95A2DBD0-CB61-4B87-B082-46CAFF9AF10E}.Debug|Any CPU.Build.0 = Debug|Any CPU
		{95A2DBD0-CB61-4B87-B082-46CAFF9AF10E}.Debug|Mixed Platforms.ActiveCfg = Debug|Any CPU
		{95A2DBD0-CB61-4B87-B082-46CAFF9AF10E}.Debug|Mixed Platforms.Build.0 = Debug|Any CPU
		{95A2DBD0-CB61-4B87-B082-46CAFF9AF10E}.Debug|x86.ActiveCfg = Debug|Any CPU
		{95A2DBD0-CB61-4B87-B082-46CAFF9AF10E}.Release|Any CPU.ActiveCfg = Release|Any CPU
		{95A2DBD0-CB61-4B87-B082-46CAFF9AF10E}.Release|Any CPU.Build.0 = Release|Any CPU
		{95A2DBD0-CB61-4B87-B082-46CAFF9AF10E}.Release|Mixed Platforms.ActiveCfg = Release|Any CPU
		{95A2DBD0-CB61-4B87-B082-46CAFF9AF10E}.Release|Mixed Platforms.Build.0 = Release|Any CPU
		{95A2DBD0-CB61-4B87-B082-46CAFF9AF10E}.Release|x86.ActiveCfg = Release|Any CPU
		{2BBB0F5E-5151-43D1-AFE9-74F24180152C}.Debug|Any CPU.ActiveCfg = Debug|x86
		{2BBB0F5E-5151-43D1-AFE9-74F24180152C}.Debug|Mixed Platforms.ActiveCfg = Debug|x86
		{2BBB0F5E-5151-43D1-AFE9-74F24180152C}.Debug|Mixed Platforms.Build.0 = Debug|x86
		{2BBB0F5E-5151-43D1-AFE9-74F24180152C}.Debug|x86.ActiveCfg = Debug|x86
		{2BBB0F5E-5151-43D1-AFE9-74F24180152C}.Debug|x86.Build.0 = Debug|x86
		{2BBB0F5E-5151-43D1-AFE9-74F24180152C}.Release|Any CPU.ActiveCfg = Release|x86
		{2BBB0F5E-5151-43D1-AFE9-74F24180152C}.Release|Mixed Platforms.ActiveCfg = Release|x86
		{2BBB0F5E-5151-43D1-AFE9-74F24180152C}.Release|Mixed Platforms.Build.0 = Release|x86
		{2BBB0F5E-5151-43D1-AFE9-74F24180152C}.Release|x86.ActiveCfg = Release|x86
		{2BBB0F5E-5151-43D1-AFE9-74F24180152C}.Release|x86.Build.0 = Release|x86
		{E8A8B7CB-C33F-4CDC-BFD7-4ECF6B44E985}.Debug|Any CPU.ActiveCfg = Debug|Any CPU
		{E8A8B7CB-C33F-4CDC-BFD7-4ECF6B44E985}.Debug|Any CPU.Build.0 = Debug|Any CPU
		{E8A8B7CB-C33F-4CDC-BFD7-4ECF6B44E985}.Debug|Mixed Platforms.ActiveCfg = Debug|Any CPU
		{E8A8B7CB-C33F-4CDC-BFD7-4ECF6B44E985}.Debug|Mixed Platforms.Build.0 = Debug|Any CPU
		{E8A8B7CB-C33F-4CDC-BFD7-4ECF6B44E985}.Debug|x86.ActiveCfg = Debug|Any CPU
		{E8A8B7CB-C33F-4CDC-BFD7-4ECF6B44E985}.Release|Any CPU.ActiveCfg = Release|Any CPU
		{E8A8B7CB-C33F-4CDC-BFD7-4ECF6B44E985}.Release|Any CPU.Build.0 = Release|Any CPU
		{E8A8B7CB-C33F-4CDC-BFD7-4ECF6B44E985}.Release|Mixed Platforms.ActiveCfg = Release|Any CPU
		{E8A8B7CB-C33F-4CDC-BFD7-4ECF6B44E985}.Release|Mixed Platforms.Build.0 = Release|Any CPU
		{E8A8B7CB-C33F-4CDC-BFD7-4ECF6B44E985}.Release|x86.ActiveCfg = Release|Any CPU
		{85DCE89D-A611-494F-8B5E-6166F053AE24}.Debug|Any CPU.ActiveCfg = Debug|x86
		{85DCE89D-A611-494F-8B5E-6166F053AE24}.Debug|Mixed Platforms.ActiveCfg = Debug|x86
		{85DCE89D-A611-494F-8B5E-6166F053AE24}.Debug|Mixed Platforms.Build.0 = Debug|x86
		{85DCE89D-A611-494F-8B5E-6166F053AE24}.Debug|x86.ActiveCfg = Debug|x86
		{85DCE89D-A611-494F-8B5E-6166F053AE24}.Debug|x86.Build.0 = Debug|x86
		{85DCE89D-A611-494F-8B5E-6166F053AE24}.Release|Any CPU.ActiveCfg = Release|x86
		{85DCE89D-A611-494F-8B5E-6166F053AE24}.Release|Mixed Platforms.ActiveCfg = Release|x86
		{85DCE89D-A611-494F-8B5E-6166F053AE24}.Release|Mixed Platforms.Build.0 = Release|x86
		{85DCE89D-A611-494F-8B5E-6166F053AE24}.Release|x86.ActiveCfg = Release|x86
		{85DCE89D-A611-494F-8B5E-6166F053AE24}.Release|x86.Build.0 = Release|x86
	EndGlobalSection
	GlobalSection(SolutionProperties) = preSolution
		HideSolutionNode = FALSE
	EndGlobalSection
EndGlobal
